
Microsoft Visual Studio Solution File, Format Version 12.00
# Visual Studio 15
VisualStudioVersion = 15.0.28307.2092
MinimumVisualStudioVersion = 10.0.40219.1
Project("{FAE04EC0-301F-11D3-BF4B-00C04F79EFBC}") = "ISOLINE Hospital", "Hastane_Yonetim_Otomasyonu\ISOLINE Hospital.csproj", "{5B2C0949-DF99-4BFF-AD97-ECC6CB6B1F87}"
EndProject
Global
	GlobalSection(SolutionConfigurationPlatforms) = preSolution
		Debug|Any CPU = Debug|Any CPU
		Release|Any CPU = Release|Any CPU
	EndGlobalSection
	GlobalSection(ProjectConfigurationPlatforms) = postSolution
		{5B2C0949-DF99-4BFF-AD97-ECC6CB6B1F87}.Debug|Any CPU.ActiveCfg = Debug|Any CPU
		{5B2C0949-DF99-4BFF-AD97-ECC6CB6B1F87}.Debug|Any CPU.Build.0 = Debug|Any CPU
		{5B2C0949-DF99-4BFF-AD97-ECC6CB6B1F87}.Release|Any CPU.ActiveCfg = Release|Any CPU
		{5B2C0949-DF99-4BFF-AD97-ECC6CB6B1F87}.Release|Any CPU.Build.0 = Release|Any CPU
	EndGlobalSection
	GlobalSection(SolutionProperties) = preSolution
		HideSolutionNode = FALSE
	EndGlobalSection
	GlobalSection(ExtensibilityGlobals) = postSolution
		SolutionGuid = {913719CE-A87B-4A3F-A474-A9C00A5C5B43}
	EndGlobalSection
EndGlobal
